
Microsoft Visual Studio Solution File, Format Version 12.00
# Visual Studio Version 16
VisualStudioVersion = 16.0.31105.61
MinimumVisualStudioVersion = 10.0.40219.1
Project("{FAE04EC0-301F-11D3-BF4B-00C04F79EFBC}") = "RestaurantApp", "RestaurantApp\RestaurantApp.csproj", "{184AC00E-0E52-4E81-9408-3BDAD2739953}"
EndProject
Project("{FAE04EC0-301F-11D3-BF4B-00C04F79EFBC}") = "Api", "Api\Api.csproj", "{B561C44F-0748-48B1-B2B5-9FEBAC39400F}"
EndProject
Project("{FAE04EC0-301F-11D3-BF4B-00C04F79EFBC}") = "App", "App\App.csproj", "{085966D7-260D-4B56-AFE8-6BA3E2C64F8B}"
EndProject
Global
	GlobalSection(SolutionConfigurationPlatforms) = preSolution
		Debug|Any CPU = Debug|Any CPU
		Release|Any CPU = Release|Any CPU
	EndGlobalSection
	GlobalSection(ProjectConfigurationPlatforms) = postSolution
		{184AC00E-0E52-4E81-9408-3BDAD2739953}.Debug|Any CPU.ActiveCfg = Debug|Any CPU
		{184AC00E-0E52-4E81-9408-3BDAD2739953}.Debug|Any CPU.Build.0 = Debug|Any CPU
		{184AC00E-0E52-4E81-9408-3BDAD2739953}.Release|Any CPU.ActiveCfg = Release|Any CPU
		{184AC00E-0E52-4E81-9408-3BDAD2739953}.Release|Any CPU.Build.0 = Release|Any CPU
		{B561C44F-0748-48B1-B2B5-9FEBAC39400F}.Debug|Any CPU.ActiveCfg = Debug|Any CPU
		{B561C44F-0748-48B1-B2B5-9FEBAC39400F}.Debug|Any CPU.Build.0 = Debug|Any CPU
		{B561C44F-0748-48B1-B2B5-9FEBAC39400F}.Release|Any CPU.ActiveCfg = Release|Any CPU
		{B561C44F-0748-48B1-B2B5-9FEBAC39400F}.Release|Any CPU.Build.0 = Release|Any CPU
		{085966D7-260D-4B56-AFE8-6BA3E2C64F8B}.Debug|Any CPU.ActiveCfg = Debug|Any CPU
		{085966D7-260D-4B56-AFE8-6BA3E2C64F8B}.Debug|Any CPU.Build.0 = Debug|Any CPU
		{085966D7-260D-4B56-AFE8-6BA3E2C64F8B}.Release|Any CPU.ActiveCfg = Release|Any CPU
		{085966D7-260D-4B56-AFE8-6BA3E2C64F8B}.Release|Any CPU.Build.0 = Release|Any CPU
	EndGlobalSection
	GlobalSection(SolutionProperties) = preSolution
		HideSolutionNode = FALSE
	EndGlobalSection
	GlobalSection(ExtensibilityGlobals) = postSolution
		SolutionGuid = {46B1AF54-1820-4E7D-8419-AC74844DA95E}
	EndGlobalSection
EndGlobal
